
Microsoft Visual Studio Solution File, Format Version 12.00
Project("{FAE04EC0-301F-11D3-BF4B-00C04F79EFBC}") = "WpfSample", "WpfSample\WpfSample.csproj", "{DC28F146-D0FB-454B-B2B4-5D6C126CDA03}"
EndProject
Global
	GlobalSection(SolutionConfigurationPlatforms) = preSolution
		Debug|Any CPU = Debug|Any CPU
		Release|Any CPU = Release|Any CPU
	EndGlobalSection
	GlobalSection(ProjectConfigurationPlatforms) = postSolution
		{DC28F146-D0FB-454B-B2B4-5D6C126CDA03}.Debug|Any CPU.ActiveCfg = Debug|Any CPU
		{DC28F146-D0FB-454B-B2B4-5D6C126CDA03}.Debug|Any CPU.Build.0 = Debug|Any CPU
		{DC28F146-D0FB-454B-B2B4-5D6C126CDA03}.Release|Any CPU.ActiveCfg = Release|Any CPU
		{DC28F146-D0FB-454B-B2B4-5D6C126CDA03}.Release|Any CPU.Build.0 = Release|Any CPU
	EndGlobalSection
EndGlobal
